PODS:
  - KFXAdditions (2.0.3)
  - KFXCore (1.0.1)
  - KFXLocation (0.5.0):
    - KFXAdditions
    - KFXCore
  - KFXUtilities (2.2.0):
    - KFXCore

DEPENDENCIES:
  - KFXAdditions
  - KFXCore
  - KFXLocation (from `../`)
  - KFXUtilities

EXTERNAL SOURCES:
  KFXLocation:
    :path: ../

SPEC CHECKSUMS:
  KFXAdditions: 79e18ef03b55c4f7b8af34df12f513c7c3319872
  KFXCore: 28df8ab964505b6b0e55eafb361377e3ade33be8
  KFXLocation: fd2950b8e8c52bef1f17478b4464e982d78f5f43
  KFXUtilities: 15aacb5f684373570ca3020f917b0b653f8e4e95

PODFILE CHECKSUM: 4234aa05243ab5c78b1fecf692cb37622ab9b006

COCOAPODS: 1.4.0
