PODS:
  - KFXAdditions (2.3.1)
  - KFXCore (2.0.0)
  - KFXLocation (0.5.0):
    - KFXAdditions
    - KFXCore
  - KFXUtilities (2.3.0):
    - KFXCore

DEPENDENCIES:
  - KFXAdditions
  - KFXCore
  - KFXLocation (from `../`)
  - KFXUtilities

SPEC REPOS:
  https://github.com/cocoapods/specs.git:
    - KFXAdditions
    - KFXCore
    - KFXUtilities

EXTERNAL SOURCES:
  KFXLocation:
    :path: "../"

SPEC CHECKSUMS:
  KFXAdditions: d64087f17e091dd0c3319ba5adbb4b3536e3dcac
  KFXCore: 46a068aae8156a9b392d8e6116547c1d8aabc06b
  KFXLocation: 0dad96966c03c7d9bc3f5175198df3072c4e8b49
  KFXUtilities: b8be6ecf7b8df43b32afea2f9ce6e970b28d84b1

PODFILE CHECKSUM: 4234aa05243ab5c78b1fecf692cb37622ab9b006

COCOAPODS: 1.6.1
